# yarn.lock - Yarn Berry (v4) format

__metadata:
  version: 6
  cacheKey: 8

"lodash@npm:^4.17.20":
  version: 4.17.21
  resolution: "lodash@npm:4.17.21"
  checksum: sha512-v2kDEe57lecTulaDIuNTPy3Ry4gLGJ6Z1O3vE1krgXZNrsQ+LFTGHVxVjcXPs17LhbZbet2yk9dzQ1uFR5/0w==
  languageName: node
  linkType: hard

"vitest@npm:^1.0.0":
  version: 1.0.0
  resolution: "vitest@npm:1.0.0"
  checksum: sha512-dummy
  languageName: node
  linkType: hard

"pkg-a@workspace:packages/pkg-a":
  version: 1.0.0
  resolution: "pkg-a@workspace:packages/pkg-a"
  checksum: sha512-pkg-a-1-0-0
  languageName: node
  linkType: soft
