# yarn.lock - Yarn Berry (v4) format
# After: lodash upgraded to 4.17.25

__metadata:
  version: 6
  cacheKey: 8

"lodash@npm:^4.17.20":
  version: 4.17.25
  resolution: "lodash@npm:4.17.25"
  checksum: sha512-LgVTMpQtIopCi79SJeDiP0TfWi5CNEc/L/aRdTh3yIvmZXTnheWpKjSZhnvMl8iXbC1tFg9gdHHDMLoV7CnG+w==
  languageName: node
  linkType: hard

"lodash@npm:4.17.15":
  version: 4.17.25
  resolution: "lodash@npm:4.17.25"
  checksum: sha512-LgVTMpQtIopCi79SJeDiP0TfWi5CNEc/L/aRdTh3yIvmZXTnheWpKjSZhnvMl8iXbC1tFg9gdHHDMLoV7CnG+w==
  languageName: node
  linkType: hard

"pkg-a@workspace:packages/pkg-a":
  version: 1.0.0
  resolution: "pkg-a@workspace:packages/pkg-a"
  checksum: sha512-pkg-a
  languageName: node
  linkType: soft

"pkg-b@workspace:packages/pkg-b":
  version: 1.0.0
  resolution: "pkg-b@workspace:packages/pkg-b"
  checksum: sha512-pkg-b
  languageName: node
  linkType: soft
