# yarn.lock - Yarn Berry (v4) format
# This demonstrates Yarn Berry's deduplication behavior

__metadata:
  version: 6
  cacheKey: 8

"lodash@npm:^4.17.20":
  version: 4.17.21
  resolution: "lodash@npm:4.17.21"
  checksum: sha512-v2kDEe57lecTulaDIuNTPy3Ry4gLGJ6Z1O3vE1krgXZNrsQ+LFTGHVxVjcXPs17LhbZbet2yk9dzQ1uFR5/0w==
  languageName: node
  linkType: hard

"lodash@npm:4.17.15":
  version: 4.17.15
  resolution: "lodash@npm:4.17.15"
  checksum: sha512-abc123
  languageName: node
  linkType: hard

"pkg-a@workspace:packages/pkg-a":
  version: 1.0.0
  resolution: "pkg-a@workspace:packages/pkg-a"
  checksum: sha512-pkg-a
  languageName: node
  linkType: soft

"pkg-b@workspace:packages/pkg-b":
  version: 1.0.0
  resolution: "pkg-b@workspace:packages/pkg-b"
  checksum: sha512-pkg-b
  languageName: node
  linkType: soft
