# yarn.lock - Yarn Berry with nmMode: classic
# Classic mode stores packages with node_modules paths

__metadata:
  version: 6
  cacheKey: 8

"lodash@npm:^4.17.20":
  version: 4.17.21
  resolution: "lodash@npm:4.17.21"
  checksum: sha512-v2kDEe57lecTulaDIuNTPy3Ry4gLGJ6Z1O3vE1krgXZNrsQ+LFTGHVxVjcXPs17LhbZbet2yk9dzQ1uFR5/0w==
  languageName: node
  linkType: hard

"lodash@npm:4.17.15":
  version: 4.17.15
  resolution: "lodash@npm:4.17.15"
  checksum: sha512-abc123
  languageName: node
  linkType: hard

"node-modules/lodash@npm:4.17.21":
  version: 4.17.21
  resolution: "node-modules/lodash@npm:4.17.21"
  checksum: sha512-def456
  languageName: node
  linkType: hard

"packages/pkg-a/node-modules/lodash@npm:^4.17.20":
  version: 4.17.21
  resolution: "packages/pkg-a/node-modules/lodash@npm:4.17.21"
  checksum: sha512-pkg-a-lodash
  languageName: node
  linkType: hard

"packages/pkg-b/node-modules/lodash@npm:4.17.15":
  version: 4.17.15
  resolution: "packages/pkg-b/node-modules/lodash@npm:4.17.15"
  checksum: sha512-pkg-b-lodash
  languageName: node
  linkType: hard
