# yarn.lock - Yarn Berry (v4) format

__metadata:
  version: 6
  cacheKey: 8

"lodash@npm:^4.17.20":
  version: 4.17.23
  resolution: "lodash@npm:4.17.23"
  checksum: sha512-v2kDEe57lecTulaDIuNTPy3Ry4gLGJ6Z1O3vE1krgXZNrsQ+LFTGHVxVjcXPs17LhbZbet2yk9dzQ1uFR5/0w==
  languageName: node
  linkType: hard

"pkg-base@workspace:packages/pkg-base":
  version: 1.0.0
  resolution: "pkg-base@workspace:packages/pkg-base"
  checksum: sha512-pkg-base-1-0-0
  languageName: node
  linkType: soft

"pkg-middle@workspace:packages/pkg-middle":
  version: 1.0.0
  resolution: "pkg-middle@workspace:packages/pkg-middle"
  checksum: sha512-pkg-middle-1-0-0
  languageName: node
  linkType: soft
